
Microsoft Visual Studio Solution File, Format Version 12.00
# Visual Studio 14
VisualStudioVersion = 14.0.25123.0
MinimumVisualStudioVersion = 10.0.40219.1
Project("{FAE04EC0-301F-11D3-BF4B-00C04F79EFBC}") = "Problem03", "Problem03\Problem03.csproj", "{8766C0F4-0E0A-4C18-908C-6E8CA300538B}"
EndProject
Project("{FAE04EC0-301F-11D3-BF4B-00C04F79EFBC}") = "Problem04", "Problem04\Problem04.csproj", "{2F021A69-FD9F-42E6-9BE5-87A48C9B26B4}"
EndProject
Project("{FAE04EC0-301F-11D3-BF4B-00C04F79EFBC}") = "Problem05", "Problem05\Problem05.csproj", "{54D2E2CC-35D0-49D0-A09D-B2AEAB37E1D5}"
EndProject
Project("{FAE04EC0-301F-11D3-BF4B-00C04F79EFBC}") = "Problem06", "Problem06\Problem06.csproj", "{D86C0E0A-DC35-471A-A3CB-68D3A4271FD7}"
EndProject
Project("{FAE04EC0-301F-11D3-BF4B-00C04F79EFBC}") = "Problem07", "Problem07\Problem07.csproj", "{E6E57321-EBD9-4689-B3B4-355C8D3F88CA}"
EndProject
Project("{FAE04EC0-301F-11D3-BF4B-00C04F79EFBC}") = "Problem08", "Problem08\Problem08.csproj", "{52CF0C0E-AF00-40E5-B78A-1E9284A3F8C9}"
EndProject
Project("{FAE04EC0-301F-11D3-BF4B-00C04F79EFBC}") = "Problem09", "Problem09\Problem09.csproj", "{EF9521BD-A69C-491C-8B22-C2CCA55AE17E}"
EndProject
Project("{FAE04EC0-301F-11D3-BF4B-00C04F79EFBC}") = "Problem10", "Problem10\Problem10.csproj", "{27F51FFD-41C2-4213-96CB-6A1A767C9C7F}"
EndProject
Project("{FAE04EC0-301F-11D3-BF4B-00C04F79EFBC}") = "Problem11", "Problem11\Problem11.csproj", "{B21EF2EC-23D6-4C67-A614-927E08933CE2}"
EndProject
Project("{FAE04EC0-301F-11D3-BF4B-00C04F79EFBC}") = "Problem12", "Problem12\Problem12.csproj", "{0A122344-6283-4E5E-85C2-6C2EB9B6F6E7}"
EndProject
Project("{FAE04EC0-301F-11D3-BF4B-00C04F79EFBC}") = "Problem13", "Problem13\Problem13.csproj", "{1E190EBE-99F1-4057-94EE-23F1DA7C5C44}"
EndProject
Project("{FAE04EC0-301F-11D3-BF4B-00C04F79EFBC}") = "Problem14", "Problem14\Problem14.csproj", "{A745FBD8-3481-4CF3-A9E1-AC5B3979563C}"
EndProject
Project("{FAE04EC0-301F-11D3-BF4B-00C04F79EFBC}") = "Problem15", "Problem15\Problem15.csproj", "{730ADBAC-7EE0-4FD2-A7D4-85AE1784E6F7}"
EndProject
Project("{FAE04EC0-301F-11D3-BF4B-00C04F79EFBC}") = "Problem16", "Problem16\Problem16.csproj", "{082B64E3-80D1-46A9-88E5-6B95DFD8B387}"
EndProject
Project("{FAE04EC0-301F-11D3-BF4B-00C04F79EFBC}") = "Problem17", "Problem17\Problem17.csproj", "{0EC1AB84-E412-4B5B-B189-B3CB4F6E97A5}"
EndProject
Project("{FAE04EC0-301F-11D3-BF4B-00C04F79EFBC}") = "Problem18", "Problem18\Problem18.csproj", "{FD4FC9D2-DCEE-4096-B9C6-C3FAD2FC0D3D}"
EndProject
Project("{FAE04EC0-301F-11D3-BF4B-00C04F79EFBC}") = "Problem19", "Problem19\Problem19.csproj", "{3A3C112C-E390-4E4C-BD58-616847351A1C}"
EndProject
Project("{FAE04EC0-301F-11D3-BF4B-00C04F79EFBC}") = "Problem20", "Problem20\Problem20.csproj", "{C8A57E0D-048B-4190-9DAC-50B8F49A45D0}"
EndProject
Project("{FAE04EC0-301F-11D3-BF4B-00C04F79EFBC}") = "Problem21", "Problem21\Problem21.csproj", "{B01CC5A4-63AE-46AD-90FE-15FC42D0FB24}"
EndProject
Project("{FAE04EC0-301F-11D3-BF4B-00C04F79EFBC}") = "Problem22", "Problem22\Problem22.csproj", "{6E6F16A1-FE82-4098-8F80-CA2FAE6701F8}"
EndProject
Project("{FAE04EC0-301F-11D3-BF4B-00C04F79EFBC}") = "Problem23", "Problem23\Problem23.csproj", "{D4FF012F-92F9-4A43-9DFA-9F3A2D9A007A}"
EndProject
Project("{FAE04EC0-301F-11D3-BF4B-00C04F79EFBC}") = "Problem24", "Problem24\Problem24.csproj", "{89759ED4-3023-46BD-A919-57A632E8CBFE}"
EndProject
Project("{FAE04EC0-301F-11D3-BF4B-00C04F79EFBC}") = "Problem25", "Problem25\Problem25.csproj", "{3260352D-6DF8-4BA7-9D05-E5D2129F2723}"
EndProject
Project("{FAE04EC0-301F-11D3-BF4B-00C04F79EFBC}") = "Problem26", "Problem26\Problem26.csproj", "{6247EF32-70E9-44AB-84D9-C89175ED3B25}"
EndProject
Project("{FAE04EC0-301F-11D3-BF4B-00C04F79EFBC}") = "Problem02", "Problem02\Problem02.csproj", "{81A390D4-4E22-4D16-BDF4-50088050C532}"
EndProject
Global
	GlobalSection(SolutionConfigurationPlatforms) = preSolution
		Debug|Any CPU = Debug|Any CPU
		Release|Any CPU = Release|Any CPU
	EndGlobalSection
	GlobalSection(ProjectConfigurationPlatforms) = postSolution
		{8766C0F4-0E0A-4C18-908C-6E8CA300538B}.Debug|Any CPU.ActiveCfg = Debug|Any CPU
		{8766C0F4-0E0A-4C18-908C-6E8CA300538B}.Debug|Any CPU.Build.0 = Debug|Any CPU
		{8766C0F4-0E0A-4C18-908C-6E8CA300538B}.Release|Any CPU.ActiveCfg = Release|Any CPU
		{8766C0F4-0E0A-4C18-908C-6E8CA300538B}.Release|Any CPU.Build.0 = Release|Any CPU
		{2F021A69-FD9F-42E6-9BE5-87A48C9B26B4}.Debug|Any CPU.ActiveCfg = Debug|Any CPU
		{2F021A69-FD9F-42E6-9BE5-87A48C9B26B4}.Debug|Any CPU.Build.0 = Debug|Any CPU
		{2F021A69-FD9F-42E6-9BE5-87A48C9B26B4}.Release|Any CPU.ActiveCfg = Release|Any CPU
		{2F021A69-FD9F-42E6-9BE5-87A48C9B26B4}.Release|Any CPU.Build.0 = Release|Any CPU
		{54D2E2CC-35D0-49D0-A09D-B2AEAB37E1D5}.Debug|Any CPU.ActiveCfg = Debug|Any CPU
		{54D2E2CC-35D0-49D0-A09D-B2AEAB37E1D5}.Debug|Any CPU.Build.0 = Debug|Any CPU
		{54D2E2CC-35D0-49D0-A09D-B2AEAB37E1D5}.Release|Any CPU.ActiveCfg = Release|Any CPU
		{54D2E2CC-35D0-49D0-A09D-B2AEAB37E1D5}.Release|Any CPU.Build.0 = Release|Any CPU
		{D86C0E0A-DC35-471A-A3CB-68D3A4271FD7}.Debug|Any CPU.ActiveCfg = Debug|Any CPU
		{D86C0E0A-DC35-471A-A3CB-68D3A4271FD7}.Debug|Any CPU.Build.0 = Debug|Any CPU
		{D86C0E0A-DC35-471A-A3CB-68D3A4271FD7}.Release|Any CPU.ActiveCfg = Release|Any CPU
		{D86C0E0A-DC35-471A-A3CB-68D3A4271FD7}.Release|Any CPU.Build.0 = Release|Any CPU
		{E6E57321-EBD9-4689-B3B4-355C8D3F88CA}.Debug|Any CPU.ActiveCfg = Debug|Any CPU
		{E6E57321-EBD9-4689-B3B4-355C8D3F88CA}.Debug|Any CPU.Build.0 = Debug|Any CPU
		{E6E57321-EBD9-4689-B3B4-355C8D3F88CA}.Release|Any CPU.ActiveCfg = Release|Any CPU
		{E6E57321-EBD9-4689-B3B4-355C8D3F88CA}.Release|Any CPU.Build.0 = Release|Any CPU
		{52CF0C0E-AF00-40E5-B78A-1E9284A3F8C9}.Debug|Any CPU.ActiveCfg = Debug|Any CPU
		{52CF0C0E-AF00-40E5-B78A-1E9284A3F8C9}.Debug|Any CPU.Build.0 = Debug|Any CPU
		{52CF0C0E-AF00-40E5-B78A-1E9284A3F8C9}.Release|Any CPU.ActiveCfg = Release|Any CPU
		{52CF0C0E-AF00-40E5-B78A-1E9284A3F8C9}.Release|Any CPU.Build.0 = Release|Any CPU
		{EF9521BD-A69C-491C-8B22-C2CCA55AE17E}.Debug|Any CPU.ActiveCfg = Debug|Any CPU
		{EF9521BD-A69C-491C-8B22-C2CCA55AE17E}.Debug|Any CPU.Build.0 = Debug|Any CPU
		{EF9521BD-A69C-491C-8B22-C2CCA55AE17E}.Release|Any CPU.ActiveCfg = Release|Any CPU
		{EF9521BD-A69C-491C-8B22-C2CCA55AE17E}.Release|Any CPU.Build.0 = Release|Any CPU
		{27F51FFD-41C2-4213-96CB-6A1A767C9C7F}.Debug|Any CPU.ActiveCfg = Debug|Any CPU
		{27F51FFD-41C2-4213-96CB-6A1A767C9C7F}.Debug|Any CPU.Build.0 = Debug|Any CPU
		{27F51FFD-41C2-4213-96CB-6A1A767C9C7F}.Release|Any CPU.ActiveCfg = Release|Any CPU
		{27F51FFD-41C2-4213-96CB-6A1A767C9C7F}.Release|Any CPU.Build.0 = Release|Any CPU
		{B21EF2EC-23D6-4C67-A614-927E08933CE2}.Debug|Any CPU.ActiveCfg = Debug|Any CPU
		{B21EF2EC-23D6-4C67-A614-927E08933CE2}.Debug|Any CPU.Build.0 = Debug|Any CPU
		{B21EF2EC-23D6-4C67-A614-927E08933CE2}.Release|Any CPU.ActiveCfg = Release|Any CPU
		{B21EF2EC-23D6-4C67-A614-927E08933CE2}.Release|Any CPU.Build.0 = Release|Any CPU
		{0A122344-6283-4E5E-85C2-6C2EB9B6F6E7}.Debug|Any CPU.ActiveCfg = Debug|Any CPU
		{0A122344-6283-4E5E-85C2-6C2EB9B6F6E7}.Debug|Any CPU.Build.0 = Debug|Any CPU
		{0A122344-6283-4E5E-85C2-6C2EB9B6F6E7}.Release|Any CPU.ActiveCfg = Release|Any CPU
		{0A122344-6283-4E5E-85C2-6C2EB9B6F6E7}.Release|Any CPU.Build.0 = Release|Any CPU
		{1E190EBE-99F1-4057-94EE-23F1DA7C5C44}.Debug|Any CPU.ActiveCfg = Debug|Any CPU
		{1E190EBE-99F1-4057-94EE-23F1DA7C5C44}.Debug|Any CPU.Build.0 = Debug|Any CPU
		{1E190EBE-99F1-4057-94EE-23F1DA7C5C44}.Release|Any CPU.ActiveCfg = Release|Any CPU
		{1E190EBE-99F1-4057-94EE-23F1DA7C5C44}.Release|Any CPU.Build.0 = Release|Any CPU
		{A745FBD8-3481-4CF3-A9E1-AC5B3979563C}.Debug|Any CPU.ActiveCfg = Debug|Any CPU
		{A745FBD8-3481-4CF3-A9E1-AC5B3979563C}.Debug|Any CPU.Build.0 = Debug|Any CPU
		{A745FBD8-3481-4CF3-A9E1-AC5B3979563C}.Release|Any CPU.ActiveCfg = Release|Any CPU
		{A745FBD8-3481-4CF3-A9E1-AC5B3979563C}.Release|Any CPU.Build.0 = Release|Any CPU
		{730ADBAC-7EE0-4FD2-A7D4-85AE1784E6F7}.Debug|Any CPU.ActiveCfg = Debug|Any CPU
		{730ADBAC-7EE0-4FD2-A7D4-85AE1784E6F7}.Debug|Any CPU.Build.0 = Debug|Any CPU
		{730ADBAC-7EE0-4FD2-A7D4-85AE1784E6F7}.Release|Any CPU.ActiveCfg = Release|Any CPU
		{730ADBAC-7EE0-4FD2-A7D4-85AE1784E6F7}.Release|Any CPU.Build.0 = Release|Any CPU
		{082B64E3-80D1-46A9-88E5-6B95DFD8B387}.Debug|Any CPU.ActiveCfg = Debug|Any CPU
		{082B64E3-80D1-46A9-88E5-6B95DFD8B387}.Debug|Any CPU.Build.0 = Debug|Any CPU
		{082B64E3-80D1-46A9-88E5-6B95DFD8B387}.Release|Any CPU.ActiveCfg = Release|Any CPU
		{082B64E3-80D1-46A9-88E5-6B95DFD8B387}.Release|Any CPU.Build.0 = Release|Any CPU
		{0EC1AB84-E412-4B5B-B189-B3CB4F6E97A5}.Debug|Any CPU.ActiveCfg = Debug|Any CPU
		{0EC1AB84-E412-4B5B-B189-B3CB4F6E97A5}.Debug|Any CPU.Build.0 = Debug|Any CPU
		{0EC1AB84-E412-4B5B-B189-B3CB4F6E97A5}.Release|Any CPU.ActiveCfg = Release|Any CPU
		{0EC1AB84-E412-4B5B-B189-B3CB4F6E97A5}.Release|Any CPU.Build.0 = Release|Any CPU
		{FD4FC9D2-DCEE-4096-B9C6-C3FAD2FC0D3D}.Debug|Any CPU.ActiveCfg = Debug|Any CPU
		{FD4FC9D2-DCEE-4096-B9C6-C3FAD2FC0D3D}.Debug|Any CPU.Build.0 = Debug|Any CPU
		{FD4FC9D2-DCEE-4096-B9C6-C3FAD2FC0D3D}.Release|Any CPU.ActiveCfg = Release|Any CPU
		{FD4FC9D2-DCEE-4096-B9C6-C3FAD2FC0D3D}.Release|Any CPU.Build.0 = Release|Any CPU
		{3A3C112C-E390-4E4C-BD58-616847351A1C}.Debug|Any CPU.ActiveCfg = Debug|Any CPU
		{3A3C112C-E390-4E4C-BD58-616847351A1C}.Debug|Any CPU.Build.0 = Debug|Any CPU
		{3A3C112C-E390-4E4C-BD58-616847351A1C}.Release|Any CPU.ActiveCfg = Release|Any CPU
		{3A3C112C-E390-4E4C-BD58-616847351A1C}.Release|Any CPU.Build.0 = Release|Any CPU
		{C8A57E0D-048B-4190-9DAC-50B8F49A45D0}.Debug|Any CPU.ActiveCfg = Debug|Any CPU
		{C8A57E0D-048B-4190-9DAC-50B8F49A45D0}.Debug|Any CPU.Build.0 = Debug|Any CPU
		{C8A57E0D-048B-4190-9DAC-50B8F49A45D0}.Release|Any CPU.ActiveCfg = Release|Any CPU
		{C8A57E0D-048B-4190-9DAC-50B8F49A45D0}.Release|Any CPU.Build.0 = Release|Any CPU
		{B01CC5A4-63AE-46AD-90FE-15FC42D0FB24}.Debug|Any CPU.ActiveCfg = Debug|Any CPU
		{B01CC5A4-63AE-46AD-90FE-15FC42D0FB24}.Debug|Any CPU.Build.0 = Debug|Any CPU
		{B01CC5A4-63AE-46AD-90FE-15FC42D0FB24}.Release|Any CPU.ActiveCfg = Release|Any CPU
		{B01CC5A4-63AE-46AD-90FE-15FC42D0FB24}.Release|Any CPU.Build.0 = Release|Any CPU
		{6E6F16A1-FE82-4098-8F80-CA2FAE6701F8}.Debug|Any CPU.ActiveCfg = Debug|Any CPU
		{6E6F16A1-FE82-4098-8F80-CA2FAE6701F8}.Debug|Any CPU.Build.0 = Debug|Any CPU
		{6E6F16A1-FE82-4098-8F80-CA2FAE6701F8}.Release|Any CPU.ActiveCfg = Release|Any CPU
		{6E6F16A1-FE82-4098-8F80-CA2FAE6701F8}.Release|Any CPU.Build.0 = Release|Any CPU
		{D4FF012F-92F9-4A43-9DFA-9F3A2D9A007A}.Debug|Any CPU.ActiveCfg = Debug|Any CPU
		{D4FF012F-92F9-4A43-9DFA-9F3A2D9A007A}.Debug|Any CPU.Build.0 = Debug|Any CPU
		{D4FF012F-92F9-4A43-9DFA-9F3A2D9A007A}.Release|Any CPU.ActiveCfg = Release|Any CPU
		{D4FF012F-92F9-4A43-9DFA-9F3A2D9A007A}.Release|Any CPU.Build.0 = Release|Any CPU
		{89759ED4-3023-46BD-A919-57A632E8CBFE}.Debug|Any CPU.ActiveCfg = Debug|Any CPU
		{89759ED4-3023-46BD-A919-57A632E8CBFE}.Debug|Any CPU.Build.0 = Debug|Any CPU
		{89759ED4-3023-46BD-A919-57A632E8CBFE}.Release|Any CPU.ActiveCfg = Release|Any CPU
		{89759ED4-3023-46BD-A919-57A632E8CBFE}.Release|Any CPU.Build.0 = Release|Any CPU
		{3260352D-6DF8-4BA7-9D05-E5D2129F2723}.Debug|Any CPU.ActiveCfg = Debug|Any CPU
		{3260352D-6DF8-4BA7-9D05-E5D2129F2723}.Debug|Any CPU.Build.0 = Debug|Any CPU
		{3260352D-6DF8-4BA7-9D05-E5D2129F2723}.Release|Any CPU.ActiveCfg = Release|Any CPU
		{3260352D-6DF8-4BA7-9D05-E5D2129F2723}.Release|Any CPU.Build.0 = Release|Any CPU
		{6247EF32-70E9-44AB-84D9-C89175ED3B25}.Debug|Any CPU.ActiveCfg = Debug|Any CPU
		{6247EF32-70E9-44AB-84D9-C89175ED3B25}.Debug|Any CPU.Build.0 = Debug|Any CPU
		{6247EF32-70E9-44AB-84D9-C89175ED3B25}.Release|Any CPU.ActiveCfg = Release|Any CPU
		{6247EF32-70E9-44AB-84D9-C89175ED3B25}.Release|Any CPU.Build.0 = Release|Any CPU
		{81A390D4-4E22-4D16-BDF4-50088050C532}.Debug|Any CPU.ActiveCfg = Debug|Any CPU
		{81A390D4-4E22-4D16-BDF4-50088050C532}.Debug|Any CPU.Build.0 = Debug|Any CPU
		{81A390D4-4E22-4D16-BDF4-50088050C532}.Release|Any CPU.ActiveCfg = Release|Any CPU
		{81A390D4-4E22-4D16-BDF4-50088050C532}.Release|Any CPU.Build.0 = Release|Any CPU
	EndGlobalSection
	GlobalSection(SolutionProperties) = preSolution
		HideSolutionNode = FALSE
	EndGlobalSection
EndGlobal
